
Microsoft Visual Studio Solution File, Format Version 12.00
# Visual Studio Version 17
VisualStudioVersion = 17.2.32630.192
MinimumVisualStudioVersion = 10.0.40219.1
Project("{9A19103F-16F7-4668-BE54-9A1E7A4F7556}") = "TrackerLibrary", "TrackerLibrary\TrackerLibrary.csproj", "{34EBA1F6-61D3-4B75-A126-0C283D32D9A1}"
EndProject
Project("{9A19103F-16F7-4668-BE54-9A1E7A4F7556}") = "TrackerUI", "TrackerUI\TrackerUI.csproj", "{1C971E30-4284-4CA7-BD71-90A0002A5411}"
EndProject
Global
	GlobalSection(SolutionConfigurationPlatforms) = preSolution
		Debug|Any CPU = Debug|Any CPU
		Release|Any CPU = Release|Any CPU
	EndGlobalSection
	GlobalSection(ProjectConfigurationPlatforms) = postSolution
		{34EBA1F6-61D3-4B75-A126-0C283D32D9A1}.Debug|Any CPU.ActiveCfg = Release|Any CPU
		{34EBA1F6-61D3-4B75-A126-0C283D32D9A1}.Debug|Any CPU.Build.0 = Release|Any CPU
		{34EBA1F6-61D3-4B75-A126-0C283D32D9A1}.Release|Any CPU.ActiveCfg = Release|Any CPU
		{34EBA1F6-61D3-4B75-A126-0C283D32D9A1}.Release|Any CPU.Build.0 = Release|Any CPU
		{1C971E30-4284-4CA7-BD71-90A0002A5411}.Debug|Any CPU.ActiveCfg = Debug|Any CPU
		{1C971E30-4284-4CA7-BD71-90A0002A5411}.Debug|Any CPU.Build.0 = Debug|Any CPU
		{1C971E30-4284-4CA7-BD71-90A0002A5411}.Release|Any CPU.ActiveCfg = Release|Any CPU
		{1C971E30-4284-4CA7-BD71-90A0002A5411}.Release|Any CPU.Build.0 = Release|Any CPU
	EndGlobalSection
	GlobalSection(SolutionProperties) = preSolution
		HideSolutionNode = FALSE
	EndGlobalSection
	GlobalSection(ExtensibilityGlobals) = postSolution
		SolutionGuid = {EEEAF843-B891-4BF3-B464-74636CE36189}
	EndGlobalSection
EndGlobal
